// !$*UTF8*$!
{
	archiveVersion = 1;
	classes = {
	};
	objectVersion = 55;
	objects = {

/* Begin PBXBuildFile section */
		39BDD9FD5179C2C1712E9234 /* Pods_CarbCount.framework in Frameworks */ = {isa = PBXBuildFile; fileRef = 6C989DCAEBE367DB8F5B8F5C /* Pods_CarbCount.framework */; };
		DC5D4E56282D3384001E03D2 /* AppDelegate.swift in Sources */ = {isa = PBXBuildFile; fileRef = DC5D4E55282D3384001E03D2 /* AppDelegate.swift */; };
		DC5D4E58282D3384001E03D2 /* SceneDelegate.swift in Sources */ = {isa = PBXBuildFile; fileRef = DC5D4E57282D3384001E03D2 /* SceneDelegate.swift */; };
		DC5D4E5A282D3384001E03D2 /* MainViewController.swift in Sources */ = {isa = PBXBuildFile; fileRef = DC5D4E59282D3384001E03D2 /* MainViewController.swift */; };
		DC5D4E5F282D3386001E03D2 /* Assets.xcassets in Resources */ = {isa = PBXBuildFile; fileRef = DC5D4E5E282D3386001E03D2 /* Assets.xcassets */; };
		DC5D4E62282D3386001E03D2 /* LaunchScreen.storyboard in Resources */ = {isa = PBXBuildFile; fileRef = DC5D4E60282D3386001E03D2 /* LaunchScreen.storyboard */; };
		DC5D4E6D282D3387001E03D2 /* CarbCountTests.swift in Sources */ = {isa = PBXBuildFile; fileRef = DC5D4E6C282D3387001E03D2 /* CarbCountTests.swift */; };
		DC5D4E77282D3387001E03D2 /* CarbCountUITests.swift in Sources */ = {isa = PBXBuildFile; fileRef = DC5D4E76282D3387001E03D2 /* CarbCountUITests.swift */; };
		DC5D4E79282D3387001E03D2 /* CarbCountUITestsLaunchTests.swift in Sources */ = {isa = PBXBuildFile; fileRef = DC5D4E78282D3387001E03D2 /* CarbCountUITestsLaunchTests.swift */; };
		DC5D4E92282D5B60001E03D2 /* ProfileViewController.swift in Sources */ = {isa = PBXBuildFile; fileRef = DC5D4E91282D5B60001E03D2 /* ProfileViewController.swift */; };
		DC5D4E94282D5BB3001E03D2 /* FoodsViewController.swift in Sources */ = {isa = PBXBuildFile; fileRef = DC5D4E93282D5BB3001E03D2 /* FoodsViewController.swift */; };
		DC5D4E9B282E677B001E03D2 /* Main.storyboard in Resources */ = {isa = PBXBuildFile; fileRef = DC5D4E9A282E677B001E03D2 /* Main.storyboard */; };
		DC7F54DF2845CADE005E4318 /* FoodsViewModel.swift in Sources */ = {isa = PBXBuildFile; fileRef = DC7F54DE2845CADE005E4318 /* FoodsViewModel.swift */; };
		DCA08143283646DA005A4760 /* ProfileViewModel.swift in Sources */ = {isa = PBXBuildFile; fileRef = DCA08142283646DA005A4760 /* ProfileViewModel.swift */; };
		DCA0814728364726005A4760 /* DateExtensions.swift in Sources */ = {isa = PBXBuildFile; fileRef = DCA0814628364726005A4760 /* DateExtensions.swift */; };
		DCA26DD12843FBE400D94791 /* FoodTableViewCell.swift in Sources */ = {isa = PBXBuildFile; fileRef = DCA26DD02843FBE400D94791 /* FoodTableViewCell.swift */; };
		DCAA5570283909120059E841 /* CircularProgressView.swift in Sources */ = {isa = PBXBuildFile; fileRef = DCAA556F283909120059E841 /* CircularProgressView.swift */; };
		DCAA5572283916140059E841 /* Store.swift in Sources */ = {isa = PBXBuildFile; fileRef = DCAA5571283916140059E841 /* Store.swift */; };
		DCAA5574283A8CFE0059E841 /* MainViewModel.swift in Sources */ = {isa = PBXBuildFile; fileRef = DCAA5573283A8CFE0059E841 /* MainViewModel.swift */; };
/* End PBXBuildFile section */

/* Begin PBXContainerItemProxy section */
		DC5D4E69282D3387001E03D2 /* PBXContainerItemProxy */ = {
			isa = PBXContainerItemProxy;
			containerPortal = DC5D4E4A282D3384001E03D2 /* Project object */;
			proxyType = 1;
			remoteGlobalIDString = DC5D4E51282D3384001E03D2;
			remoteInfo = CarbCount;
		};
		DC5D4E73282D3387001E03D2 /* PBXContainerItemProxy */ = {
			isa = PBXContainerItemProxy;
			containerPortal = DC5D4E4A282D3384001E03D2 /* Project object */;
			proxyType = 1;
			remoteGlobalIDString = DC5D4E51282D3384001E03D2;
			remoteInfo = CarbCount;
		};
/* End PBXContainerItemProxy section */

/* Begin PBXFileReference section */
		044630B323BC4AB33B84EEB0 /* Pods-CarbCount.release.xcconfig */ = {isa = PBXFileReference; includeInIndex = 1; lastKnownFileType = text.xcconfig; name = "Pods-CarbCount.release.xcconfig"; path = "Target Support Files/Pods-CarbCount/Pods-CarbCount.release.xcconfig"; sourceTree = "<group>"; };
		6C989DCAEBE367DB8F5B8F5C /* Pods_CarbCount.framework */ = {isa = PBXFileReference; explicitFileType = wrapper.framework; includeInIndex = 0; path = Pods_CarbCount.framework; sourceTree = BUILT_PRODUCTS_DIR; };
		6F927153D7F0BCACFBE1E9D6 /* Pods-CarbCount.debug.xcconfig */ = {isa = PBXFileReference; includeInIndex = 1; lastKnownFileType = text.xcconfig; name = "Pods-CarbCount.debug.xcconfig"; path = "Target Support Files/Pods-CarbCount/Pods-CarbCount.debug.xcconfig"; sourceTree = "<group>"; };
		DC5D4E52282D3384001E03D2 /* CarbCount.app */ = {isa = PBXFileReference; explicitFileType = wrapper.application; includeInIndex = 0; path = CarbCount.app; sourceTree = BUILT_PRODUCTS_DIR; };
		DC5D4E55282D3384001E03D2 /* AppDelegate.swift */ = {isa = PBXFileReference; lastKnownFileType = sourcecode.swift; path = AppDelegate.swift; sourceTree = "<group>"; };
		DC5D4E57282D3384001E03D2 /* SceneDelegate.swift */ = {isa = PBXFileReference; lastKnownFileType = sourcecode.swift; path = SceneDelegate.swift; sourceTree = "<group>"; };
		DC5D4E59282D3384001E03D2 /* MainViewController.swift */ = {isa = PBXFileReference; lastKnownFileType = sourcecode.swift; path = MainViewController.swift; sourceTree = "<group>"; };
		DC5D4E5E282D3386001E03D2 /* Assets.xcassets */ = {isa = PBXFileReference; lastKnownFileType = folder.assetcatalog; path = Assets.xcassets; sourceTree = "<group>"; };
		DC5D4E61282D3386001E03D2 /* Base */ = {isa = PBXFileReference; lastKnownFileType = file.storyboard; name = Base; path = Base.lproj/LaunchScreen.storyboard; sourceTree = "<group>"; };
		DC5D4E63282D3386001E03D2 /* Info.plist */ = {isa = PBXFileReference; lastKnownFileType = text.plist.xml; path = Info.plist; sourceTree = "<group>"; };
		DC5D4E68282D3387001E03D2 /* CarbCountTests.xctest */ = {isa = PBXFileReference; explicitFileType = wrapper.cfbundle; includeInIndex = 0; path = CarbCountTests.xctest; sourceTree = BUILT_PRODUCTS_DIR; };
		DC5D4E6C282D3387001E03D2 /* CarbCountTests.swift */ = {isa = PBXFileReference; lastKnownFileType = sourcecode.swift; path = CarbCountTests.swift; sourceTree = "<group>"; };
		DC5D4E72282D3387001E03D2 /* CarbCountUITests.xctest */ = {isa = PBXFileReference; explicitFileType = wrapper.cfbundle; includeInIndex = 0; path = CarbCountUITests.xctest; sourceTree = BUILT_PRODUCTS_DIR; };
		DC5D4E76282D3387001E03D2 /* CarbCountUITests.swift */ = {isa = PBXFileReference; lastKnownFileType = sourcecode.swift; path = CarbCountUITests.swift; sourceTree = "<group>"; };
		DC5D4E78282D3387001E03D2 /* CarbCountUITestsLaunchTests.swift */ = {isa = PBXFileReference; lastKnownFileType = sourcecode.swift; path = CarbCountUITestsLaunchTests.swift; sourceTree = "<group>"; };
		DC5D4E91282D5B60001E03D2 /* ProfileViewController.swift */ = {isa = PBXFileReference; lastKnownFileType = sourcecode.swift; path = ProfileViewController.swift; sourceTree = "<group>"; };
		DC5D4E93282D5BB3001E03D2 /* FoodsViewController.swift */ = {isa = PBXFileReference; lastKnownFileType = sourcecode.swift; path = FoodsViewController.swift; sourceTree = "<group>"; };
		DC5D4E9A282E677B001E03D2 /* Main.storyboard */ = {isa = PBXFileReference; lastKnownFileType = file.storyboard; path = Main.storyboard; sourceTree = "<group>"; };
		DC7F54DE2845CADE005E4318 /* FoodsViewModel.swift */ = {isa = PBXFileReference; lastKnownFileType = sourcecode.swift; path = FoodsViewModel.swift; sourceTree = "<group>"; };
		DCA08142283646DA005A4760 /* ProfileViewModel.swift */ = {isa = PBXFileReference; lastKnownFileType = sourcecode.swift; path = ProfileViewModel.swift; sourceTree = "<group>"; };
		DCA0814628364726005A4760 /* DateExtensions.swift */ = {isa = PBXFileReference; lastKnownFileType = sourcecode.swift; path = DateExtensions.swift; sourceTree = "<group>"; };
		DCA26DD02843FBE400D94791 /* FoodTableViewCell.swift */ = {isa = PBXFileReference; lastKnownFileType = sourcecode.swift; path = FoodTableViewCell.swift; sourceTree = "<group>"; };
		DCAA556F283909120059E841 /* CircularProgressView.swift */ = {isa = PBXFileReference; lastKnownFileType = sourcecode.swift; path = CircularProgressView.swift; sourceTree = "<group>"; };
		DCAA5571283916140059E841 /* Store.swift */ = {isa = PBXFileReference; lastKnownFileType = sourcecode.swift; path = Store.swift; sourceTree = "<group>"; };
		DCAA5573283A8CFE0059E841 /* MainViewModel.swift */ = {isa = PBXFileReference; lastKnownFileType = sourcecode.swift; path = MainViewModel.swift; sourceTree = "<group>"; };
/* End PBXFileReference section */

/* Begin PBXFrameworksBuildPhase section */
		DC5D4E4F282D3384001E03D2 /* Frameworks */ = {
			isa = PBXFrameworksBuildPhase;
			buildActionMask = 2147483647;
			files = (
				39BDD9FD5179C2C1712E9234 /* Pods_CarbCount.framework in Frameworks */,
			);
			runOnlyForDeploymentPostprocessing = 0;
		};
		DC5D4E65282D3387001E03D2 /* Frameworks */ = {
			isa = PBXFrameworksBuildPhase;
			buildActionMask = 2147483647;
			files = (
			);
			runOnlyForDeploymentPostprocessing = 0;
		};
		DC5D4E6F282D3387001E03D2 /* Frameworks */ = {
			isa = PBXFrameworksBuildPhase;
			buildActionMask = 2147483647;
			files = (
			);
			runOnlyForDeploymentPostprocessing = 0;
		};
/* End PBXFrameworksBuildPhase section */

/* Begin PBXGroup section */
		095FCABA02EB13948826345B /* Pods */ = {
			isa = PBXGroup;
			children = (
				6F927153D7F0BCACFBE1E9D6 /* Pods-CarbCount.debug.xcconfig */,
				044630B323BC4AB33B84EEB0 /* Pods-CarbCount.release.xcconfig */,
			);
			path = Pods;
			sourceTree = "<group>";
		};
		54BDA926852343486426921D /* Frameworks */ = {
			isa = PBXGroup;
			children = (
				6C989DCAEBE367DB8F5B8F5C /* Pods_CarbCount.framework */,
			);
			name = Frameworks;
			sourceTree = "<group>";
		};
		DC5D4E49282D3384001E03D2 = {
			isa = PBXGroup;
			children = (
				DC5D4E54282D3384001E03D2 /* CarbCount */,
				DC5D4E6B282D3387001E03D2 /* CarbCountTests */,
				DC5D4E75282D3387001E03D2 /* CarbCountUITests */,
				DC5D4E53282D3384001E03D2 /* Products */,
				095FCABA02EB13948826345B /* Pods */,
				54BDA926852343486426921D /* Frameworks */,
			);
			sourceTree = "<group>";
		};
		DC5D4E53282D3384001E03D2 /* Products */ = {
			isa = PBXGroup;
			children = (
				DC5D4E52282D3384001E03D2 /* CarbCount.app */,
				DC5D4E68282D3387001E03D2 /* CarbCountTests.xctest */,
				DC5D4E72282D3387001E03D2 /* CarbCountUITests.xctest */,
			);
			name = Products;
			sourceTree = "<group>";
		};
		DC5D4E54282D3384001E03D2 /* CarbCount */ = {
			isa = PBXGroup;
			children = (
				DCA26DCF2843FBB600D94791 /* Cells */,
				DCAA556E283908F60059E841 /* Views */,
				DCA081442836470F005A4760 /* Extensions */,
				DCA08141283646C4005A4760 /* ViewModels */,
				DC5D4E9E282E6AF8001E03D2 /* ViewControllers */,
				DC5D4E9C282E6AE3001E03D2 /* Storyboards */,
				DC5D4E55282D3384001E03D2 /* AppDelegate.swift */,
				DC5D4E57282D3384001E03D2 /* SceneDelegate.swift */,
				DC5D4E5E282D3386001E03D2 /* Assets.xcassets */,
				DC5D4E63282D3386001E03D2 /* Info.plist */,
				DCAA5571283916140059E841 /* Store.swift */,
			);
			path = CarbCount;
			sourceTree = "<group>";
		};
		DC5D4E6B282D3387001E03D2 /* CarbCountTests */ = {
			isa = PBXGroup;
			children = (
				DC5D4E6C282D3387001E03D2 /* CarbCountTests.swift */,
			);
			path = CarbCountTests;
			sourceTree = "<group>";
		};
		DC5D4E75282D3387001E03D2 /* CarbCountUITests */ = {
			isa = PBXGroup;
			children = (
				DC5D4E76282D3387001E03D2 /* CarbCountUITests.swift */,
				DC5D4E78282D3387001E03D2 /* CarbCountUITestsLaunchTests.swift */,
			);
			path = CarbCountUITests;
			sourceTree = "<group>";
		};
		DC5D4E9C282E6AE3001E03D2 /* Storyboards */ = {
			isa = PBXGroup;
			children = (
				DC5D4E9A282E677B001E03D2 /* Main.storyboard */,
				DC5D4E60282D3386001E03D2 /* LaunchScreen.storyboard */,
			);
			path = Storyboards;
			sourceTree = "<group>";
		};
		DC5D4E9E282E6AF8001E03D2 /* ViewControllers */ = {
			isa = PBXGroup;
			children = (
				DC5D4E59282D3384001E03D2 /* MainViewController.swift */,
				DC5D4E91282D5B60001E03D2 /* ProfileViewController.swift */,
				DC5D4E93282D5BB3001E03D2 /* FoodsViewController.swift */,
			);
			path = ViewControllers;
			sourceTree = "<group>";
		};
		DCA08141283646C4005A4760 /* ViewModels */ = {
			isa = PBXGroup;
			children = (
				DCA08142283646DA005A4760 /* ProfileViewModel.swift */,
				DCAA5573283A8CFE0059E841 /* MainViewModel.swift */,
				DC7F54DE2845CADE005E4318 /* FoodsViewModel.swift */,
			);
			path = ViewModels;
			sourceTree = "<group>";
		};
		DCA081442836470F005A4760 /* Extensions */ = {
			isa = PBXGroup;
			children = (
				DCA0814628364726005A4760 /* DateExtensions.swift */,
			);
			path = Extensions;
			sourceTree = "<group>";
		};
		DCA26DCF2843FBB600D94791 /* Cells */ = {
			isa = PBXGroup;
			children = (
				DCA26DD02843FBE400D94791 /* FoodTableViewCell.swift */,
			);
			path = Cells;
			sourceTree = "<group>";
		};
		DCAA556E283908F60059E841 /* Views */ = {
			isa = PBXGroup;
			children = (
				DCAA556F283909120059E841 /* CircularProgressView.swift */,
			);
			path = Views;
			sourceTree = "<group>";
		};
/* End PBXGroup section */

/* Begin PBXNativeTarget section */
		DC5D4E51282D3384001E03D2 /* CarbCount */ = {
			isa = PBXNativeTarget;
			buildConfigurationList = DC5D4E7C282D3387001E03D2 /* Build configuration list for PBXNativeTarget "CarbCount" */;
			buildPhases = (
				C758F89D1D391F2E8BE5E6EF /* [CP] Check Pods Manifest.lock */,
				DC5D4E4E282D3384001E03D2 /* Sources */,
				DC5D4E4F282D3384001E03D2 /* Frameworks */,
				DC5D4E50282D3384001E03D2 /* Resources */,
				D98AF451D33DC4EAA208A927 /* [CP] Embed Pods Frameworks */,
			);
			buildRules = (
			);
			dependencies = (
			);
			name = CarbCount;
			productName = CarbCount;
			productReference = DC5D4E52282D3384001E03D2 /* CarbCount.app */;
			productType = "com.apple.product-type.application";
		};
		DC5D4E67282D3387001E03D2 /* CarbCountTests */ = {
			isa = PBXNativeTarget;
			buildConfigurationList = DC5D4E7F282D3387001E03D2 /* Build configuration list for PBXNativeTarget "CarbCountTests" */;
			buildPhases = (
				DC5D4E64282D3387001E03D2 /* Sources */,
				DC5D4E65282D3387001E03D2 /* Frameworks */,
				DC5D4E66282D3387001E03D2 /* Resources */,
			);
			buildRules = (
			);
			dependencies = (
				DC5D4E6A282D3387001E03D2 /* PBXTargetDependency */,
			);
			name = CarbCountTests;
			productName = CarbCountTests;
			productReference = DC5D4E68282D3387001E03D2 /* CarbCountTests.xctest */;
			productType = "com.apple.product-type.bundle.unit-test";
		};
		DC5D4E71282D3387001E03D2 /* CarbCountUITests */ = {
			isa = PBXNativeTarget;
			buildConfigurationList = DC5D4E82282D3387001E03D2 /* Build configuration list for PBXNativeTarget "CarbCountUITests" */;
			buildPhases = (
				DC5D4E6E282D3387001E03D2 /* Sources */,
				DC5D4E6F282D3387001E03D2 /* Frameworks */,
				DC5D4E70282D3387001E03D2 /* Resources */,
			);
			buildRules = (
			);
			dependencies = (
				DC5D4E74282D3387001E03D2 /* PBXTargetDependency */,
			);
			name = CarbCountUITests;
			productName = CarbCountUITests;
			productReference = DC5D4E72282D3387001E03D2 /* CarbCountUITests.xctest */;
			productType = "com.apple.product-type.bundle.ui-testing";
		};
/* End PBXNativeTarget section */

/* Begin PBXProject section */
		DC5D4E4A282D3384001E03D2 /* Project object */ = {
			isa = PBXProject;
			attributes = {
				BuildIndependentTargetsInParallel = 1;
				LastSwiftUpdateCheck = 1320;
				LastUpgradeCheck = 1320;
				TargetAttributes = {
					DC5D4E51282D3384001E03D2 = {
						CreatedOnToolsVersion = 13.2.1;
					};
					DC5D4E67282D3387001E03D2 = {
						CreatedOnToolsVersion = 13.2.1;
						TestTargetID = DC5D4E51282D3384001E03D2;
					};
					DC5D4E71282D3387001E03D2 = {
						CreatedOnToolsVersion = 13.2.1;
						TestTargetID = DC5D4E51282D3384001E03D2;
					};
				};
			};
			buildConfigurationList = DC5D4E4D282D3384001E03D2 /* Build configuration list for PBXProject "CarbCount" */;
			compatibilityVersion = "Xcode 13.0";
			developmentRegion = en;
			hasScannedForEncodings = 0;
			knownRegions = (
				en,
				Base,
			);
			mainGroup = DC5D4E49282D3384001E03D2;
			productRefGroup = DC5D4E53282D3384001E03D2 /* Products */;
			projectDirPath = "";
			projectRoot = "";
			targets = (
				DC5D4E51282D3384001E03D2 /* CarbCount */,
				DC5D4E67282D3387001E03D2 /* CarbCountTests */,
				DC5D4E71282D3387001E03D2 /* CarbCountUITests */,
			);
		};
/* End PBXProject section */

/* Begin PBXResourcesBuildPhase section */
		DC5D4E50282D3384001E03D2 /* Resources */ = {
			isa = PBXResourcesBuildPhase;
			buildActionMask = 2147483647;
			files = (
				DC5D4E9B282E677B001E03D2 /* Main.storyboard in Resources */,
				DC5D4E62282D3386001E03D2 /* LaunchScreen.storyboard in Resources */,
				DC5D4E5F282D3386001E03D2 /* Assets.xcassets in Resources */,
			);
			runOnlyForDeploymentPostprocessing = 0;
		};
		DC5D4E66282D3387001E03D2 /* Resources */ = {
			isa = PBXResourcesBuildPhase;
			buildActionMask = 2147483647;
			files = (
			);
			runOnlyForDeploymentPostprocessing = 0;
		};
		DC5D4E70282D3387001E03D2 /* Resources */ = {
			isa = PBXResourcesBuildPhase;
			buildActionMask = 2147483647;
			files = (
			);
			runOnlyForDeploymentPostprocessing = 0;
		};
/* End PBXResourcesBuildPhase section */

/* Begin PBXShellScriptBuildPhase section */
		C758F89D1D391F2E8BE5E6EF /* [CP] Check Pods Manifest.lock */ = {
			isa = PBXShellScriptBuildPhase;
			buildActionMask = 2147483647;
			files = (
			);
			inputFileListPaths = (
			);
			inputPaths = (
				"${PODS_PODFILE_DIR_PATH}/Podfile.lock",
				"${PODS_ROOT}/Manifest.lock",
			);
			name = "[CP] Check Pods Manifest.lock";
			outputFileListPaths = (
			);
			outputPaths = (
				"$(DERIVED_FILE_DIR)/Pods-CarbCount-checkManifestLockResult.txt",
			);
			runOnlyForDeploymentPostprocessing = 0;
			shellPath = /bin/sh;
			shellScript = "diff \"${PODS_PODFILE_DIR_PATH}/Podfile.lock\" \"${PODS_ROOT}/Manifest.lock\" > /dev/null\nif [ $? != 0 ] ; then\n    # print error to STDERR\n    echo \"error: The sandbox is not in sync with the Podfile.lock. Run 'pod install' or update your CocoaPods installation.\" >&2\n    exit 1\nfi\n# This output is used by Xcode 'outputs' to avoid re-running this script phase.\necho \"SUCCESS\" > \"${SCRIPT_OUTPUT_FILE_0}\"\n";
			showEnvVarsInLog = 0;
		};
		D98AF451D33DC4EAA208A927 /* [CP] Embed Pods Frameworks */ = {
			isa = PBXShellScriptBuildPhase;
			buildActionMask = 2147483647;
			files = (
			);
			inputFileListPaths = (
				"${PODS_ROOT}/Target Support Files/Pods-CarbCount/Pods-CarbCount-frameworks-${CONFIGURATION}-input-files.xcfilelist",
			);
			name = "[CP] Embed Pods Frameworks";
			outputFileListPaths = (
				"${PODS_ROOT}/Target Support Files/Pods-CarbCount/Pods-CarbCount-frameworks-${CONFIGURATION}-output-files.xcfilelist",
			);
			runOnlyForDeploymentPostprocessing = 0;
			shellPath = /bin/sh;
			shellScript = "\"${PODS_ROOT}/Target Support Files/Pods-CarbCount/Pods-CarbCount-frameworks.sh\"\n";
			showEnvVarsInLog = 0;
		};
/* End PBXShellScriptBuildPhase section */

/* Begin PBXSourcesBuildPhase section */
		DC5D4E4E282D3384001E03D2 /* Sources */ = {
			isa = PBXSourcesBuildPhase;
			buildActionMask = 2147483647;
			files = (
				DCA26DD12843FBE400D94791 /* FoodTableViewCell.swift in Sources */,
				DCA0814728364726005A4760 /* DateExtensions.swift in Sources */,
				DCA08143283646DA005A4760 /* ProfileViewModel.swift in Sources */,
				DCAA5570283909120059E841 /* CircularProgressView.swift in Sources */,
				DCAA5572283916140059E841 /* Store.swift in Sources */,
				DC5D4E5A282D3384001E03D2 /* MainViewController.swift in Sources */,
				DCAA5574283A8CFE0059E841 /* MainViewModel.swift in Sources */,
				DC5D4E94282D5BB3001E03D2 /* FoodsViewController.swift in Sources */,
				DC5D4E56282D3384001E03D2 /* AppDelegate.swift in Sources */,
				DC5D4E92282D5B60001E03D2 /* ProfileViewController.swift in Sources */,
				DC7F54DF2845CADE005E4318 /* FoodsViewModel.swift in Sources */,
				DC5D4E58282D3384001E03D2 /* SceneDelegate.swift in Sources */,
			);
			runOnlyForDeploymentPostprocessing = 0;
		};
		DC5D4E64282D3387001E03D2 /* Sources */ = {
			isa = PBXSourcesBuildPhase;
			buildActionMask = 2147483647;
			files = (
				DC5D4E6D282D3387001E03D2 /* CarbCountTests.swift in Sources */,
			);
			runOnlyForDeploymentPostprocessing = 0;
		};
		DC5D4E6E282D3387001E03D2 /* Sources */ = {
			isa = PBXSourcesBuildPhase;
			buildActionMask = 2147483647;
			files = (
				DC5D4E79282D3387001E03D2 /* CarbCountUITestsLaunchTests.swift in Sources */,
				DC5D4E77282D3387001E03D2 /* CarbCountUITests.swift in Sources */,
			);
			runOnlyForDeploymentPostprocessing = 0;
		};
/* End PBXSourcesBuildPhase section */

/* Begin PBXTargetDependency section */
		DC5D4E6A282D3387001E03D2 /* PBXTargetDependency */ = {
			isa = PBXTargetDependency;
			target = DC5D4E51282D3384001E03D2 /* CarbCount */;
			targetProxy = DC5D4E69282D3387001E03D2 /* PBXContainerItemProxy */;
		};
		DC5D4E74282D3387001E03D2 /* PBXTargetDependency */ = {
			isa = PBXTargetDependency;
			target = DC5D4E51282D3384001E03D2 /* CarbCount */;
			targetProxy = DC5D4E73282D3387001E03D2 /* PBXContainerItemProxy */;
		};
/* End PBXTargetDependency section */

/* Begin PBXVariantGroup section */
		DC5D4E60282D3386001E03D2 /* LaunchScreen.storyboard */ = {
			isa = PBXVariantGroup;
			children = (
				DC5D4E61282D3386001E03D2 /* Base */,
			);
			name = LaunchScreen.storyboard;
			sourceTree = "<group>";
		};
/* End PBXVariantGroup section */

/* Begin XCBuildConfiguration section */
		DC5D4E7A282D3387001E03D2 /* Debug */ = {
			isa = XCBuildConfiguration;
			buildSettings = {
				ALWAYS_SEARCH_USER_PATHS = NO;
				CLANG_ANALYZER_NONNULL = YES;
				CLANG_ANALYZER_NUMBER_OBJECT_CONVERSION = YES_AGGRESSIVE;
				CLANG_CXX_LANGUAGE_STANDARD = "gnu++17";
				CLANG_CXX_LIBRARY = "libc++";
				CLANG_ENABLE_MODULES = YES;
				CLANG_ENABLE_OBJC_ARC = YES;
				CLANG_ENABLE_OBJC_WEAK = YES;
				CLANG_WARN_BLOCK_CAPTURE_AUTORELEASING = YES;
				CLANG_WARN_BOOL_CONVERSION = YES;
				CLANG_WARN_COMMA = YES;
				CLANG_WARN_CONSTANT_CONVERSION = YES;
				CLANG_WARN_DEPRECATED_OBJC_IMPLEMENTATIONS = YES;
				CLANG_WARN_DIRECT_OBJC_ISA_USAGE = YES_ERROR;
				CLANG_WARN_DOCUMENTATION_COMMENTS = YES;
				CLANG_WARN_EMPTY_BODY = YES;
				CLANG_WARN_ENUM_CONVERSION = YES;
				CLANG_WARN_INFINITE_RECURSION = YES;
				CLANG_WARN_INT_CONVERSION = YES;
				CLANG_WARN_NON_LITERAL_NULL_CONVERSION = YES;
				CLANG_WARN_OBJC_IMPLICIT_RETAIN_SELF = YES;
				CLANG_WARN_OBJC_LITERAL_CONVERSION = YES;
				CLANG_WARN_OBJC_ROOT_CLASS = YES_ERROR;
				CLANG_WARN_QUOTED_INCLUDE_IN_FRAMEWORK_HEADER = YES;
				CLANG_WARN_RANGE_LOOP_ANALYSIS = YES;
				CLANG_WARN_STRICT_PROTOTYPES = YES;
				CLANG_WARN_SUSPICIOUS_MOVE = YES;
				CLANG_WARN_UNGUARDED_AVAILABILITY = YES_AGGRESSIVE;
				CLANG_WARN_UNREACHABLE_CODE = YES;
				CLANG_WARN__DUPLICATE_METHOD_MATCH = YES;
				COPY_PHASE_STRIP = NO;
				DEBUG_INFORMATION_FORMAT = dwarf;
				ENABLE_STRICT_OBJC_MSGSEND = YES;
				ENABLE_TESTABILITY = YES;
				GCC_C_LANGUAGE_STANDARD = gnu11;
				GCC_DYNAMIC_NO_PIC = NO;
				GCC_NO_COMMON_BLOCKS = YES;
				GCC_OPTIMIZATION_LEVEL = 0;
				GCC_PREPROCESSOR_DEFINITIONS = (
					"DEBUG=1",
					"$(inherited)",
				);
				GCC_WARN_64_TO_32_BIT_CONVERSION = YES;
				GCC_WARN_ABOUT_RETURN_TYPE = YES_ERROR;
				GCC_WARN_UNDECLARED_SELECTOR = YES;
				GCC_WARN_UNINITIALIZED_AUTOS = YES_AGGRESSIVE;
				GCC_WARN_UNUSED_FUNCTION = YES;
				GCC_WARN_UNUSED_VARIABLE = YES;
				IPHONEOS_DEPLOYMENT_TARGET = 15.2;
				MTL_ENABLE_DEBUG_INFO = INCLUDE_SOURCE;
				MTL_FAST_MATH = YES;
				ONLY_ACTIVE_ARCH = YES;
				SDKROOT = iphoneos;
				SWIFT_ACTIVE_COMPILATION_CONDITIONS = DEBUG;
				SWIFT_OPTIMIZATION_LEVEL = "-Onone";
			};
			name = Debug;
		};
		DC5D4E7B282D3387001E03D2 /* Release */ = {
			isa = XCBuildConfiguration;
			buildSettings = {
				ALWAYS_SEARCH_USER_PATHS = NO;
				CLANG_ANALYZER_NONNULL = YES;
				CLANG_ANALYZER_NUMBER_OBJECT_CONVERSION = YES_AGGRESSIVE;
				CLANG_CXX_LANGUAGE_STANDARD = "gnu++17";
				CLANG_CXX_LIBRARY = "libc++";
				CLANG_ENABLE_MODULES = YES;
				CLANG_ENABLE_OBJC_ARC = YES;
				CLANG_ENABLE_OBJC_WEAK = YES;
				CLANG_WARN_BLOCK_CAPTURE_AUTORELEASING = YES;
				CLANG_WARN_BOOL_CONVERSION = YES;
				CLANG_WARN_COMMA = YES;
				CLANG_WARN_CONSTANT_CONVERSION = YES;
				CLANG_WARN_DEPRECATED_OBJC_IMPLEMENTATIONS = YES;
				CLANG_WARN_DIRECT_OBJC_ISA_USAGE = YES_ERROR;
				CLANG_WARN_DOCUMENTATION_COMMENTS = YES;
				CLANG_WARN_EMPTY_BODY = YES;
				CLANG_WARN_ENUM_CONVERSION = YES;
				CLANG_WARN_INFINITE_RECURSION = YES;
				CLANG_WARN_INT_CONVERSION = YES;
				CLANG_WARN_NON_LITERAL_NULL_CONVERSION = YES;
				CLANG_WARN_OBJC_IMPLICIT_RETAIN_SELF = YES;
				CLANG_WARN_OBJC_LITERAL_CONVERSION = YES;
				CLANG_WARN_OBJC_ROOT_CLASS = YES_ERROR;
				CLANG_WARN_QUOTED_INCLUDE_IN_FRAMEWORK_HEADER = YES;
				CLANG_WARN_RANGE_LOOP_ANALYSIS = YES;
				CLANG_WARN_STRICT_PROTOTYPES = YES;
				CLANG_WARN_SUSPICIOUS_MOVE = YES;
				CLANG_WARN_UNGUARDED_AVAILABILITY = YES_AGGRESSIVE;
				CLANG_WARN_UNREACHABLE_CODE = YES;
				CLANG_WARN__DUPLICATE_METHOD_MATCH = YES;
				COPY_PHASE_STRIP = NO;
				DEBUG_INFORMATION_FORMAT = "dwarf-with-dsym";
				ENABLE_NS_ASSERTIONS = NO;
				ENABLE_STRICT_OBJC_MSGSEND = YES;
				GCC_C_LANGUAGE_STANDARD = gnu11;
				GCC_NO_COMMON_BLOCKS = YES;
				GCC_WARN_64_TO_32_BIT_CONVERSION = YES;
				GCC_WARN_ABOUT_RETURN_TYPE = YES_ERROR;
				GCC_WARN_UNDECLARED_SELECTOR = YES;
				GCC_WARN_UNINITIALIZED_AUTOS = YES_AGGRESSIVE;
				GCC_WARN_UNUSED_FUNCTION = YES;
				GCC_WARN_UNUSED_VARIABLE = YES;
				IPHONEOS_DEPLOYMENT_TARGET = 15.2;
				MTL_ENABLE_DEBUG_INFO = NO;
				MTL_FAST_MATH = YES;
				SDKROOT = iphoneos;
				SWIFT_COMPILATION_MODE = wholemodule;
				SWIFT_OPTIMIZATION_LEVEL = "-O";
				VALIDATE_PRODUCT = YES;
			};
			name = Release;
		};
		DC5D4E7D282D3387001E03D2 /* Debug */ = {
			isa = XCBuildConfiguration;
			baseConfigurationReference = 6F927153D7F0BCACFBE1E9D6 /* Pods-CarbCount.debug.xcconfig */;
			buildSettings = {
				ASSETCATALOG_COMPILER_APPICON_NAME = AppIcon;
				ASSETCATALOG_COMPILER_GLOBAL_ACCENT_COLOR_NAME = AccentColor;
				CODE_SIGN_STYLE = Automatic;
				CURRENT_PROJECT_VERSION = 1;
				DEVELOPMENT_TEAM = 2WJVFDJ9X2;
				GENERATE_INFOPLIST_FILE = YES;
				INFOPLIST_FILE = CarbCount/Info.plist;
				INFOPLIST_KEY_UIApplicationSupportsIndirectInputEvents = YES;
				INFOPLIST_KEY_UILaunchStoryboardName = LaunchScreen;
				INFOPLIST_KEY_UIMainStoryboardFile = Main;
				INFOPLIST_KEY_UISupportedInterfaceOrientations_iPad = "UIInterfaceOrientationPortrait UIInterfaceOrientationPortraitUpsideDown UIInterfaceOrientationLandscapeLeft UIInterfaceOrientationLandscapeRight";
				INFOPLIST_KEY_UISupportedInterfaceOrientations_iPhone = "UIInterfaceOrientationPortrait UIInterfaceOrientationLandscapeLeft UIInterfaceOrientationLandscapeRight";
				LD_RUNPATH_SEARCH_PATHS = (
					"$(inherited)",
					"@executable_path/Frameworks",
				);
				MARKETING_VERSION = 1.0;
				PRODUCT_BUNDLE_IDENTIFIER = ArdaKaynar.CarbCount;
				PRODUCT_NAME = "$(TARGET_NAME)";
				SWIFT_EMIT_LOC_STRINGS = YES;
				SWIFT_VERSION = 5.0;
				TARGETED_DEVICE_FAMILY = "1,2";
			};
			name = Debug;
		};
		DC5D4E7E282D3387001E03D2 /* Release */ = {
			isa = XCBuildConfiguration;
			baseConfigurationReference = 044630B323BC4AB33B84EEB0 /* Pods-CarbCount.release.xcconfig */;
			buildSettings = {
				ASSETCATALOG_COMPILER_APPICON_NAME = AppIcon;
				ASSETCATALOG_COMPILER_GLOBAL_ACCENT_COLOR_NAME = AccentColor;
				CODE_SIGN_STYLE = Automatic;
				CURRENT_PROJECT_VERSION = 1;
				DEVELOPMENT_TEAM = 2WJVFDJ9X2;
				GENERATE_INFOPLIST_FILE = YES;
				INFOPLIST_FILE = CarbCount/Info.plist;
				INFOPLIST_KEY_UIApplicationSupportsIndirectInputEvents = YES;
				INFOPLIST_KEY_UILaunchStoryboardName = LaunchScreen;
				INFOPLIST_KEY_UIMainStoryboardFile = Main;
				INFOPLIST_KEY_UISupportedInterfaceOrientations_iPad = "UIInterfaceOrientationPortrait UIInterfaceOrientationPortraitUpsideDown UIInterfaceOrientationLandscapeLeft UIInterfaceOrientationLandscapeRight";
				INFOPLIST_KEY_UISupportedInterfaceOrientations_iPhone = "UIInterfaceOrientationPortrait UIInterfaceOrientationLandscapeLeft UIInterfaceOrientationLandscapeRight";
				LD_RUNPATH_SEARCH_PATHS = (
					"$(inherited)",
					"@executable_path/Frameworks",
				);
				MARKETING_VERSION = 1.0;
				PRODUCT_BUNDLE_IDENTIFIER = ArdaKaynar.CarbCount;
				PRODUCT_NAME = "$(TARGET_NAME)";
				SWIFT_EMIT_LOC_STRINGS = YES;
				SWIFT_VERSION = 5.0;
				TARGETED_DEVICE_FAMILY = "1,2";
			};
			name = Release;
		};
		DC5D4E80282D3387001E03D2 /* Debug */ = {
			isa = XCBuildConfiguration;
			buildSettings = {
				ALWAYS_EMBED_SWIFT_STANDARD_LIBRARIES = YES;
				BUNDLE_LOADER = "$(TEST_HOST)";
				CODE_SIGN_STYLE = Automatic;
				CURRENT_PROJECT_VERSION = 1;
				DEVELOPMENT_TEAM = 2WJVFDJ9X2;
				GENERATE_INFOPLIST_FILE = YES;
				IPHONEOS_DEPLOYMENT_TARGET = 15.2;
				MARKETING_VERSION = 1.0;
				PRODUCT_BUNDLE_IDENTIFIER = ArdaKaynar.CarbCountTests;
				PRODUCT_NAME = "$(TARGET_NAME)";
				SWIFT_EMIT_LOC_STRINGS = NO;
				SWIFT_VERSION = 5.0;
				TARGETED_DEVICE_FAMILY = "1,2";
				TEST_HOST = "$(BUILT_PRODUCTS_DIR)/CarbCount.app/CarbCount";
			};
			name = Debug;
		};
		DC5D4E81282D3387001E03D2 /* Release */ = {
			isa = XCBuildConfiguration;
			buildSettings = {
				ALWAYS_EMBED_SWIFT_STANDARD_LIBRARIES = YES;
				BUNDLE_LOADER = "$(TEST_HOST)";
				CODE_SIGN_STYLE = Automatic;
				CURRENT_PROJECT_VERSION = 1;
				DEVELOPMENT_TEAM = 2WJVFDJ9X2;
				GENERATE_INFOPLIST_FILE = YES;
				IPHONEOS_DEPLOYMENT_TARGET = 15.2;
				MARKETING_VERSION = 1.0;
				PRODUCT_BUNDLE_IDENTIFIER = ArdaKaynar.CarbCountTests;
				PRODUCT_NAME = "$(TARGET_NAME)";
				SWIFT_EMIT_LOC_STRINGS = NO;
				SWIFT_VERSION = 5.0;
				TARGETED_DEVICE_FAMILY = "1,2";
				TEST_HOST = "$(BUILT_PRODUCTS_DIR)/CarbCount.app/CarbCount";
			};
			name = Release;
		};
		DC5D4E83282D3387001E03D2 /* Debug */ = {
			isa = XCBuildConfiguration;
			buildSettings = {
				ALWAYS_EMBED_SWIFT_STANDARD_LIBRARIES = YES;
				CODE_SIGN_STYLE = Automatic;
				CURRENT_PROJECT_VERSION = 1;
				DEVELOPMENT_TEAM = 2WJVFDJ9X2;
				GENERATE_INFOPLIST_FILE = YES;
				MARKETING_VERSION = 1.0;
				PRODUCT_BUNDLE_IDENTIFIER = ArdaKaynar.CarbCountUITests;
				PRODUCT_NAME = "$(TARGET_NAME)";
				SWIFT_EMIT_LOC_STRINGS = NO;
				SWIFT_VERSION = 5.0;
				TARGETED_DEVICE_FAMILY = "1,2";
				TEST_TARGET_NAME = CarbCount;
			};
			name = Debug;
		};
		DC5D4E84282D3387001E03D2 /* Release */ = {
			isa = XCBuildConfiguration;
			buildSettings = {
				ALWAYS_EMBED_SWIFT_STANDARD_LIBRARIES = YES;
				CODE_SIGN_STYLE = Automatic;
				CURRENT_PROJECT_VERSION = 1;
				DEVELOPMENT_TEAM = 2WJVFDJ9X2;
				GENERATE_INFOPLIST_FILE = YES;
				MARKETING_VERSION = 1.0;
				PRODUCT_BUNDLE_IDENTIFIER = ArdaKaynar.CarbCountUITests;
				PRODUCT_NAME = "$(TARGET_NAME)";
				SWIFT_EMIT_LOC_STRINGS = NO;
				SWIFT_VERSION = 5.0;
				TARGETED_DEVICE_FAMILY = "1,2";
				TEST_TARGET_NAME = CarbCount;
			};
			name = Release;
		};
/* End XCBuildConfiguration section */

/* Begin XCConfigurationList section */
		DC5D4E4D282D3384001E03D2 /* Build configuration list for PBXProject "CarbCount" */ = {
			isa = XCConfigurationList;
			buildConfigurations = (
				DC5D4E7A282D3387001E03D2 /* Debug */,
				DC5D4E7B282D3387001E03D2 /* Release */,
			);
			defaultConfigurationIsVisible = 0;
			defaultConfigurationName = Release;
		};
		DC5D4E7C282D3387001E03D2 /* Build configuration list for PBXNativeTarget "CarbCount" */ = {
			isa = XCConfigurationList;
			buildConfigurations = (
				DC5D4E7D282D3387001E03D2 /* Debug */,
				DC5D4E7E282D3387001E03D2 /* Release */,
			);
			defaultConfigurationIsVisible = 0;
			defaultConfigurationName = Release;
		};
		DC5D4E7F282D3387001E03D2 /* Build configuration list for PBXNativeTarget "CarbCountTests" */ = {
			isa = XCConfigurationList;
			buildConfigurations = (
				DC5D4E80282D3387001E03D2 /* Debug */,
				DC5D4E81282D3387001E03D2 /* Release */,
			);
			defaultConfigurationIsVisible = 0;
			defaultConfigurationName = Release;
		};
		DC5D4E82282D3387001E03D2 /* Build configuration list for PBXNativeTarget "CarbCountUITests" */ = {
			isa = XCConfigurationList;
			buildConfigurations = (
				DC5D4E83282D3387001E03D2 /* Debug */,
				DC5D4E84282D3387001E03D2 /* Release */,
			);
			defaultConfigurationIsVisible = 0;
			defaultConfigurationName = Release;
		};
/* End XCConfigurationList section */
	};
	rootObject = DC5D4E4A282D3384001E03D2 /* Project object */;
}
